
Microsoft Visual Studio Solution File, Format Version 12.00
# Visual Studio Version 16
VisualStudioVersion = 16.0.33927.289
MinimumVisualStudioVersion = 10.0.40219.1
Project("{FAE04EC0-301F-11D3-BF4B-00C04F79EFBC}") = "PR05_GIT", "PR05_GIT\PR05_GIT.csproj", "{6A91C3CA-87CD-4AFB-AB84-F4DD4C1D7747}"
EndProject
Global
	GlobalSection(SolutionConfigurationPlatforms) = preSolution
		Debug|Any CPU = Debug|Any CPU
		Release|Any CPU = Release|Any CPU
	EndGlobalSection
	GlobalSection(ProjectConfigurationPlatforms) = postSolution
		{6A91C3CA-87CD-4AFB-AB84-F4DD4C1D7747}.Debug|Any CPU.ActiveCfg = Debug|Any CPU
		{6A91C3CA-87CD-4AFB-AB84-F4DD4C1D7747}.Debug|Any CPU.Build.0 = Debug|Any CPU
		{6A91C3CA-87CD-4AFB-AB84-F4DD4C1D7747}.Release|Any CPU.ActiveCfg = Release|Any CPU
		{6A91C3CA-87CD-4AFB-AB84-F4DD4C1D7747}.Release|Any CPU.Build.0 = Release|Any CPU
	EndGlobalSection
	GlobalSection(SolutionProperties) = preSolution
		HideSolutionNode = FALSE
	EndGlobalSection
	GlobalSection(ExtensibilityGlobals) = postSolution
		SolutionGuid = {54942152-6277-463B-B269-D6CFF8D7FFA0}
	EndGlobalSection
EndGlobal
